// !$*UTF8*$!
{
	archiveVersion = 1;
	classes = {
	};
	objectVersion = 51;
	objects = {

/* Begin PBXBuildFile section */
		1860FBAC23C8F0A600DCE133 /* AppDelegate.swift in Sources */ = {isa = PBXBuildFile; fileRef = 1860FBAB23C8F0A600DCE133 /* AppDelegate.swift */; };
		1860FBAE23C8F0A600DCE133 /* SceneDelegate.swift in Sources */ = {isa = PBXBuildFile; fileRef = 1860FBAD23C8F0A600DCE133 /* SceneDelegate.swift */; };
		1860FBB023C8F0A600DCE133 /* ViewController.swift in Sources */ = {isa = PBXBuildFile; fileRef = 1860FBAF23C8F0A600DCE133 /* ViewController.swift */; };
		1860FBB323C8F0A600DCE133 /* Main.storyboard in Resources */ = {isa = PBXBuildFile; fileRef = 1860FBB123C8F0A600DCE133 /* Main.storyboard */; };
		1860FBB523C8F0A800DCE133 /* Assets.xcassets in Resources */ = {isa = PBXBuildFile; fileRef = 1860FBB423C8F0A800DCE133 /* Assets.xcassets */; };
		1860FBB823C8F0A800DCE133 /* LaunchScreen.storyboard in Resources */ = {isa = PBXBuildFile; fileRef = 1860FBB623C8F0A800DCE133 /* LaunchScreen.storyboard */; };
		1860FBC023C8F41100DCE133 /* ExUIView.swift in Sources */ = {isa = PBXBuildFile; fileRef = 1860FBBF23C8F41100DCE133 /* ExUIView.swift */; };
		1860FBC223C8F53100DCE133 /* HomeBottomControlsStackView.swift in Sources */ = {isa = PBXBuildFile; fileRef = 1860FBC123C8F53100DCE133 /* HomeBottomControlsStackView.swift */; };
		1860FBC423C8F62A00DCE133 /* TopNavigationStackView.swift in Sources */ = {isa = PBXBuildFile; fileRef = 1860FBC323C8F62A00DCE133 /* TopNavigationStackView.swift */; };
		1860FBC623C8F88E00DCE133 /* CardView.swift in Sources */ = {isa = PBXBuildFile; fileRef = 1860FBC523C8F88E00DCE133 /* CardView.swift */; };
		1871423723C9023C00185205 /* User.swift in Sources */ = {isa = PBXBuildFile; fileRef = 1871423623C9023C00185205 /* User.swift */; };
		1871423B23C906C000185205 /* CardViewModel.swift in Sources */ = {isa = PBXBuildFile; fileRef = 1871423A23C906C000185205 /* CardViewModel.swift */; };
		1871423D23C908F700185205 /* Advertiser.swift in Sources */ = {isa = PBXBuildFile; fileRef = 1871423C23C908F700185205 /* Advertiser.swift */; };
		1871423F23C9D8CD00185205 /* RegistrationController.swift in Sources */ = {isa = PBXBuildFile; fileRef = 1871423E23C9D8CD00185205 /* RegistrationController.swift */; };
		1871424123C9D97800185205 /* ExTextField.swift in Sources */ = {isa = PBXBuildFile; fileRef = 1871424023C9D97800185205 /* ExTextField.swift */; };
		1871424323C9E52100185205 /* RegistrationViewModel.swift in Sources */ = {isa = PBXBuildFile; fileRef = 1871424223C9E52100185205 /* RegistrationViewModel.swift */; };
		1871424623CA43E600185205 /* GoogleService-Info.plist in Resources */ = {isa = PBXBuildFile; fileRef = 1871424523CA43E600185205 /* GoogleService-Info.plist */; };
		1871424823CA61BC00185205 /* Bindable.swift in Sources */ = {isa = PBXBuildFile; fileRef = 1871424723CA61BC00185205 /* Bindable.swift */; };
		1871424A23CB999200185205 /* SettingsController.swift in Sources */ = {isa = PBXBuildFile; fileRef = 1871424923CB999200185205 /* SettingsController.swift */; };
		1871424C23CB9A0700185205 /* SettingsCell.swift in Sources */ = {isa = PBXBuildFile; fileRef = 1871424B23CB9A0700185205 /* SettingsCell.swift */; };
		1871424E23CBAB5800185205 /* AgeRangeCell.swift in Sources */ = {isa = PBXBuildFile; fileRef = 1871424D23CBAB5800185205 /* AgeRangeCell.swift */; };
		1871425023CBABBD00185205 /* LoginController.swift in Sources */ = {isa = PBXBuildFile; fileRef = 1871424F23CBABBD00185205 /* LoginController.swift */; };
		1871425223CBAC1F00185205 /* LoginViewModel.swift in Sources */ = {isa = PBXBuildFile; fileRef = 1871425123CBAC1F00185205 /* LoginViewModel.swift */; };
		1871425423CBAEBD00185205 /* ExFirestore.swift in Sources */ = {isa = PBXBuildFile; fileRef = 1871425323CBAEBD00185205 /* ExFirestore.swift */; };
		1FF7BD03BBB268A7FC9B670E /* Pods_TindxxLikeAppMVVM.framework in Frameworks */ = {isa = PBXBuildFile; fileRef = 6751B058EDFC935CBCCBBFA1 /* Pods_TindxxLikeAppMVVM.framework */; };
/* End PBXBuildFile section */

/* Begin PBXFileReference section */
		1860FBA823C8F0A600DCE133 /* TindxxLikeAppMVVM.app */ = {isa = PBXFileReference; explicitFileType = wrapper.application; includeInIndex = 0; path = TindxxLikeAppMVVM.app; sourceTree = BUILT_PRODUCTS_DIR; };
		1860FBAB23C8F0A600DCE133 /* AppDelegate.swift */ = {isa = PBXFileReference; lastKnownFileType = sourcecode.swift; path = AppDelegate.swift; sourceTree = "<group>"; };
		1860FBAD23C8F0A600DCE133 /* SceneDelegate.swift */ = {isa = PBXFileReference; lastKnownFileType = sourcecode.swift; path = SceneDelegate.swift; sourceTree = "<group>"; };
		1860FBAF23C8F0A600DCE133 /* ViewController.swift */ = {isa = PBXFileReference; lastKnownFileType = sourcecode.swift; path = ViewController.swift; sourceTree = "<group>"; };
		1860FBB223C8F0A600DCE133 /* Base */ = {isa = PBXFileReference; lastKnownFileType = file.storyboard; name = Base; path = Base.lproj/Main.storyboard; sourceTree = "<group>"; };
		1860FBB423C8F0A800DCE133 /* Assets.xcassets */ = {isa = PBXFileReference; lastKnownFileType = folder.assetcatalog; path = Assets.xcassets; sourceTree = "<group>"; };
		1860FBB723C8F0A800DCE133 /* Base */ = {isa = PBXFileReference; lastKnownFileType = file.storyboard; name = Base; path = Base.lproj/LaunchScreen.storyboard; sourceTree = "<group>"; };
		1860FBB923C8F0A800DCE133 /* Info.plist */ = {isa = PBXFileReference; lastKnownFileType = text.plist.xml; path = Info.plist; sourceTree = "<group>"; };
		1860FBBF23C8F41100DCE133 /* ExUIView.swift */ = {isa = PBXFileReference; lastKnownFileType = sourcecode.swift; path = ExUIView.swift; sourceTree = "<group>"; };
		1860FBC123C8F53100DCE133 /* HomeBottomControlsStackView.swift */ = {isa = PBXFileReference; lastKnownFileType = sourcecode.swift; path = HomeBottomControlsStackView.swift; sourceTree = "<group>"; };
		1860FBC323C8F62A00DCE133 /* TopNavigationStackView.swift */ = {isa = PBXFileReference; lastKnownFileType = sourcecode.swift; path = TopNavigationStackView.swift; sourceTree = "<group>"; };
		1860FBC523C8F88E00DCE133 /* CardView.swift */ = {isa = PBXFileReference; lastKnownFileType = sourcecode.swift; path = CardView.swift; sourceTree = "<group>"; };
		1871423623C9023C00185205 /* User.swift */ = {isa = PBXFileReference; lastKnownFileType = sourcecode.swift; path = User.swift; sourceTree = "<group>"; };
		1871423A23C906C000185205 /* CardViewModel.swift */ = {isa = PBXFileReference; lastKnownFileType = sourcecode.swift; path = CardViewModel.swift; sourceTree = "<group>"; };
		1871423C23C908F700185205 /* Advertiser.swift */ = {isa = PBXFileReference; lastKnownFileType = sourcecode.swift; path = Advertiser.swift; sourceTree = "<group>"; };
		1871423E23C9D8CD00185205 /* RegistrationController.swift */ = {isa = PBXFileReference; lastKnownFileType = sourcecode.swift; path = RegistrationController.swift; sourceTree = "<group>"; };
		1871424023C9D97800185205 /* ExTextField.swift */ = {isa = PBXFileReference; lastKnownFileType = sourcecode.swift; path = ExTextField.swift; sourceTree = "<group>"; };
		1871424223C9E52100185205 /* RegistrationViewModel.swift */ = {isa = PBXFileReference; lastKnownFileType = sourcecode.swift; path = RegistrationViewModel.swift; sourceTree = "<group>"; };
		1871424523CA43E600185205 /* GoogleService-Info.plist */ = {isa = PBXFileReference; fileEncoding = 4; lastKnownFileType = text.plist.xml; path = "GoogleService-Info.plist"; sourceTree = "<group>"; };
		1871424723CA61BC00185205 /* Bindable.swift */ = {isa = PBXFileReference; lastKnownFileType = sourcecode.swift; path = Bindable.swift; sourceTree = "<group>"; };
		1871424923CB999200185205 /* SettingsController.swift */ = {isa = PBXFileReference; lastKnownFileType = sourcecode.swift; path = SettingsController.swift; sourceTree = "<group>"; };
		1871424B23CB9A0700185205 /* SettingsCell.swift */ = {isa = PBXFileReference; lastKnownFileType = sourcecode.swift; path = SettingsCell.swift; sourceTree = "<group>"; };
		1871424D23CBAB5800185205 /* AgeRangeCell.swift */ = {isa = PBXFileReference; lastKnownFileType = sourcecode.swift; path = AgeRangeCell.swift; sourceTree = "<group>"; };
		1871424F23CBABBD00185205 /* LoginController.swift */ = {isa = PBXFileReference; lastKnownFileType = sourcecode.swift; path = LoginController.swift; sourceTree = "<group>"; };
		1871425123CBAC1F00185205 /* LoginViewModel.swift */ = {isa = PBXFileReference; lastKnownFileType = sourcecode.swift; path = LoginViewModel.swift; sourceTree = "<group>"; };
		1871425323CBAEBD00185205 /* ExFirestore.swift */ = {isa = PBXFileReference; lastKnownFileType = sourcecode.swift; path = ExFirestore.swift; sourceTree = "<group>"; };
		47AFC2F3BE3C6847735630BB /* Pods-TindxxLikeAppMVVM.debug.xcconfig */ = {isa = PBXFileReference; includeInIndex = 1; lastKnownFileType = text.xcconfig; name = "Pods-TindxxLikeAppMVVM.debug.xcconfig"; path = "Target Support Files/Pods-TindxxLikeAppMVVM/Pods-TindxxLikeAppMVVM.debug.xcconfig"; sourceTree = "<group>"; };
		6751B058EDFC935CBCCBBFA1 /* Pods_TindxxLikeAppMVVM.framework */ = {isa = PBXFileReference; explicitFileType = wrapper.framework; includeInIndex = 0; path = Pods_TindxxLikeAppMVVM.framework; sourceTree = BUILT_PRODUCTS_DIR; };
		A4913904C8D4C31538351A45 /* Pods-TindxxLikeAppMVVM.release.xcconfig */ = {isa = PBXFileReference; includeInIndex = 1; lastKnownFileType = text.xcconfig; name = "Pods-TindxxLikeAppMVVM.release.xcconfig"; path = "Target Support Files/Pods-TindxxLikeAppMVVM/Pods-TindxxLikeAppMVVM.release.xcconfig"; sourceTree = "<group>"; };
/* End PBXFileReference section */

/* Begin PBXFrameworksBuildPhase section */
		1860FBA523C8F0A600DCE133 /* Frameworks */ = {
			isa = PBXFrameworksBuildPhase;
			buildActionMask = 2147483647;
			files = (
				1FF7BD03BBB268A7FC9B670E /* Pods_TindxxLikeAppMVVM.framework in Frameworks */,
			);
			runOnlyForDeploymentPostprocessing = 0;
		};
/* End PBXFrameworksBuildPhase section */

/* Begin PBXGroup section */
		1860FB9F23C8F0A600DCE133 = {
			isa = PBXGroup;
			children = (
				1860FBAA23C8F0A600DCE133 /* TindxxLikeAppMVVM */,
				1860FBA923C8F0A600DCE133 /* Products */,
				7E0132671E677254702780E9 /* Pods */,
				D445C6BE2A027A9E67344597 /* Frameworks */,
			);
			sourceTree = "<group>";
		};
		1860FBA923C8F0A600DCE133 /* Products */ = {
			isa = PBXGroup;
			children = (
				1860FBA823C8F0A600DCE133 /* TindxxLikeAppMVVM.app */,
			);
			name = Products;
			sourceTree = "<group>";
		};
		1860FBAA23C8F0A600DCE133 /* TindxxLikeAppMVVM */ = {
			isa = PBXGroup;
			children = (
				1860FBAB23C8F0A600DCE133 /* AppDelegate.swift */,
				1860FBAD23C8F0A600DCE133 /* SceneDelegate.swift */,
				1871424423C9E88300185205 /* Ex */,
				1871423923C906AC00185205 /* ViewModel */,
				1871423823C9047200185205 /* Model */,
				1860FBC723C8F9F300DCE133 /* View */,
				1860FBB123C8F0A600DCE133 /* Main.storyboard */,
				1871424523CA43E600185205 /* GoogleService-Info.plist */,
				1860FBB423C8F0A800DCE133 /* Assets.xcassets */,
				1860FBB623C8F0A800DCE133 /* LaunchScreen.storyboard */,
				1860FBB923C8F0A800DCE133 /* Info.plist */,
			);
			path = TindxxLikeAppMVVM;
			sourceTree = "<group>";
		};
		1860FBC723C8F9F300DCE133 /* View */ = {
			isa = PBXGroup;
			children = (
				1860FBAF23C8F0A600DCE133 /* ViewController.swift */,
				1871424923CB999200185205 /* SettingsController.swift */,
				1871424B23CB9A0700185205 /* SettingsCell.swift */,
				1871423E23C9D8CD00185205 /* RegistrationController.swift */,
				1860FBC323C8F62A00DCE133 /* TopNavigationStackView.swift */,
				1860FBC123C8F53100DCE133 /* HomeBottomControlsStackView.swift */,
				1860FBC523C8F88E00DCE133 /* CardView.swift */,
				1871424D23CBAB5800185205 /* AgeRangeCell.swift */,
				1871424F23CBABBD00185205 /* LoginController.swift */,
			);
			path = View;
			sourceTree = "<group>";
		};
		1871423823C9047200185205 /* Model */ = {
			isa = PBXGroup;
			children = (
				1871423623C9023C00185205 /* User.swift */,
				1871423C23C908F700185205 /* Advertiser.swift */,
			);
			path = Model;
			sourceTree = "<group>";
		};
		1871423923C906AC00185205 /* ViewModel */ = {
			isa = PBXGroup;
			children = (
				1871423A23C906C000185205 /* CardViewModel.swift */,
				1871424223C9E52100185205 /* RegistrationViewModel.swift */,
				1871425123CBAC1F00185205 /* LoginViewModel.swift */,
				1871424723CA61BC00185205 /* Bindable.swift */,
			);
			path = ViewModel;
			sourceTree = "<group>";
		};
		1871424423C9E88300185205 /* Ex */ = {
			isa = PBXGroup;
			children = (
				1860FBBF23C8F41100DCE133 /* ExUIView.swift */,
				1871424023C9D97800185205 /* ExTextField.swift */,
				1871425323CBAEBD00185205 /* ExFirestore.swift */,
			);
			path = Ex;
			sourceTree = "<group>";
		};
		7E0132671E677254702780E9 /* Pods */ = {
			isa = PBXGroup;
			children = (
				47AFC2F3BE3C6847735630BB /* Pods-TindxxLikeAppMVVM.debug.xcconfig */,
				A4913904C8D4C31538351A45 /* Pods-TindxxLikeAppMVVM.release.xcconfig */,
			);
			path = Pods;
			sourceTree = "<group>";
		};
		D445C6BE2A027A9E67344597 /* Frameworks */ = {
			isa = PBXGroup;
			children = (
				6751B058EDFC935CBCCBBFA1 /* Pods_TindxxLikeAppMVVM.framework */,
			);
			name = Frameworks;
			sourceTree = "<group>";
		};
/* End PBXGroup section */

/* Begin PBXNativeTarget section */
		1860FBA723C8F0A600DCE133 /* TindxxLikeAppMVVM */ = {
			isa = PBXNativeTarget;
			buildConfigurationList = 1860FBBC23C8F0A800DCE133 /* Build configuration list for PBXNativeTarget "TindxxLikeAppMVVM" */;
			buildPhases = (
				6EF99C3A088C290747AF761A /* [CP] Check Pods Manifest.lock */,
				1860FBA423C8F0A600DCE133 /* Sources */,
				1860FBA523C8F0A600DCE133 /* Frameworks */,
				1860FBA623C8F0A600DCE133 /* Resources */,
				183C285FF49409CADCCCF8B6 /* [CP] Embed Pods Frameworks */,
			);
			buildRules = (
			);
			dependencies = (
			);
			name = TindxxLikeAppMVVM;
			productName = TindxxLikeAppMVVM;
			productReference = 1860FBA823C8F0A600DCE133 /* TindxxLikeAppMVVM.app */;
			productType = "com.apple.product-type.application";
		};
/* End PBXNativeTarget section */

/* Begin PBXProject section */
		1860FBA023C8F0A600DCE133 /* Project object */ = {
			isa = PBXProject;
			attributes = {
				LastSwiftUpdateCheck = 1130;
				LastUpgradeCheck = 1130;
				ORGANIZATIONNAME = yamolean;
				TargetAttributes = {
					1860FBA723C8F0A600DCE133 = {
						CreatedOnToolsVersion = 11.3;
					};
				};
			};
			buildConfigurationList = 1860FBA323C8F0A600DCE133 /* Build configuration list for PBXProject "TindxxLikeAppMVVM" */;
			compatibilityVersion = "Xcode 9.3";
			developmentRegion = en;
			hasScannedForEncodings = 0;
			knownRegions = (
				en,
				Base,
			);
			mainGroup = 1860FB9F23C8F0A600DCE133;
			productRefGroup = 1860FBA923C8F0A600DCE133 /* Products */;
			projectDirPath = "";
			projectRoot = "";
			targets = (
				1860FBA723C8F0A600DCE133 /* TindxxLikeAppMVVM */,
			);
		};
/* End PBXProject section */

/* Begin PBXResourcesBuildPhase section */
		1860FBA623C8F0A600DCE133 /* Resources */ = {
			isa = PBXResourcesBuildPhase;
			buildActionMask = 2147483647;
			files = (
				1860FBB823C8F0A800DCE133 /* LaunchScreen.storyboard in Resources */,
				1871424623CA43E600185205 /* GoogleService-Info.plist in Resources */,
				1860FBB523C8F0A800DCE133 /* Assets.xcassets in Resources */,
				1860FBB323C8F0A600DCE133 /* Main.storyboard in Resources */,
			);
			runOnlyForDeploymentPostprocessing = 0;
		};
/* End PBXResourcesBuildPhase section */

/* Begin PBXShellScriptBuildPhase section */
		183C285FF49409CADCCCF8B6 /* [CP] Embed Pods Frameworks */ = {
			isa = PBXShellScriptBuildPhase;
			buildActionMask = 2147483647;
			files = (
			);
			inputFileListPaths = (
				"${PODS_ROOT}/Target Support Files/Pods-TindxxLikeAppMVVM/Pods-TindxxLikeAppMVVM-frameworks-${CONFIGURATION}-input-files.xcfilelist",
			);
			name = "[CP] Embed Pods Frameworks";
			outputFileListPaths = (
				"${PODS_ROOT}/Target Support Files/Pods-TindxxLikeAppMVVM/Pods-TindxxLikeAppMVVM-frameworks-${CONFIGURATION}-output-files.xcfilelist",
			);
			runOnlyForDeploymentPostprocessing = 0;
			shellPath = /bin/sh;
			shellScript = "\"${PODS_ROOT}/Target Support Files/Pods-TindxxLikeAppMVVM/Pods-TindxxLikeAppMVVM-frameworks.sh\"\n";
			showEnvVarsInLog = 0;
		};
		6EF99C3A088C290747AF761A /* [CP] Check Pods Manifest.lock */ = {
			isa = PBXShellScriptBuildPhase;
			buildActionMask = 2147483647;
			files = (
			);
			inputFileListPaths = (
			);
			inputPaths = (
				"${PODS_PODFILE_DIR_PATH}/Podfile.lock",
				"${PODS_ROOT}/Manifest.lock",
			);
			name = "[CP] Check Pods Manifest.lock";
			outputFileListPaths = (
			);
			outputPaths = (
				"$(DERIVED_FILE_DIR)/Pods-TindxxLikeAppMVVM-checkManifestLockResult.txt",
			);
			runOnlyForDeploymentPostprocessing = 0;
			shellPath = /bin/sh;
			shellScript = "diff \"${PODS_PODFILE_DIR_PATH}/Podfile.lock\" \"${PODS_ROOT}/Manifest.lock\" > /dev/null\nif [ $? != 0 ] ; then\n    # print error to STDERR\n    echo \"error: The sandbox is not in sync with the Podfile.lock. Run 'pod install' or update your CocoaPods installation.\" >&2\n    exit 1\nfi\n# This output is used by Xcode 'outputs' to avoid re-running this script phase.\necho \"SUCCESS\" > \"${SCRIPT_OUTPUT_FILE_0}\"\n";
			showEnvVarsInLog = 0;
		};
/* End PBXShellScriptBuildPhase section */

/* Begin PBXSourcesBuildPhase section */
		1860FBA423C8F0A600DCE133 /* Sources */ = {
			isa = PBXSourcesBuildPhase;
			buildActionMask = 2147483647;
			files = (
				1871423D23C908F700185205 /* Advertiser.swift in Sources */,
				1860FBC623C8F88E00DCE133 /* CardView.swift in Sources */,
				1860FBB023C8F0A600DCE133 /* ViewController.swift in Sources */,
				1860FBAC23C8F0A600DCE133 /* AppDelegate.swift in Sources */,
				1871425423CBAEBD00185205 /* ExFirestore.swift in Sources */,
				1860FBC223C8F53100DCE133 /* HomeBottomControlsStackView.swift in Sources */,
				1871424E23CBAB5800185205 /* AgeRangeCell.swift in Sources */,
				1871423723C9023C00185205 /* User.swift in Sources */,
				1871424A23CB999200185205 /* SettingsController.swift in Sources */,
				1871424123C9D97800185205 /* ExTextField.swift in Sources */,
				1871423F23C9D8CD00185205 /* RegistrationController.swift in Sources */,
				1871424823CA61BC00185205 /* Bindable.swift in Sources */,
				1860FBC423C8F62A00DCE133 /* TopNavigationStackView.swift in Sources */,
				1871424323C9E52100185205 /* RegistrationViewModel.swift in Sources */,
				1871425023CBABBD00185205 /* LoginController.swift in Sources */,
				1860FBAE23C8F0A600DCE133 /* SceneDelegate.swift in Sources */,
				1860FBC023C8F41100DCE133 /* ExUIView.swift in Sources */,
				1871424C23CB9A0700185205 /* SettingsCell.swift in Sources */,
				1871425223CBAC1F00185205 /* LoginViewModel.swift in Sources */,
				1871423B23C906C000185205 /* CardViewModel.swift in Sources */,
			);
			runOnlyForDeploymentPostprocessing = 0;
		};
/* End PBXSourcesBuildPhase section */

/* Begin PBXVariantGroup section */
		1860FBB123C8F0A600DCE133 /* Main.storyboard */ = {
			isa = PBXVariantGroup;
			children = (
				1860FBB223C8F0A600DCE133 /* Base */,
			);
			name = Main.storyboard;
			sourceTree = "<group>";
		};
		1860FBB623C8F0A800DCE133 /* LaunchScreen.storyboard */ = {
			isa = PBXVariantGroup;
			children = (
				1860FBB723C8F0A800DCE133 /* Base */,
			);
			name = LaunchScreen.storyboard;
			sourceTree = "<group>";
		};
/* End PBXVariantGroup section */

/* Begin XCBuildConfiguration section */
		1860FBBA23C8F0A800DCE133 /* Debug */ = {
			isa = XCBuildConfiguration;
			buildSettings = {
				ALWAYS_SEARCH_USER_PATHS = NO;
				CLANG_ANALYZER_NONNULL = YES;
				CLANG_ANALYZER_NUMBER_OBJECT_CONVERSION = YES_AGGRESSIVE;
				CLANG_CXX_LANGUAGE_STANDARD = "gnu++14";
				CLANG_CXX_LIBRARY = "libc++";
				CLANG_ENABLE_MODULES = YES;
				CLANG_ENABLE_OBJC_ARC = YES;
				CLANG_ENABLE_OBJC_WEAK = YES;
				CLANG_WARN_BLOCK_CAPTURE_AUTORELEASING = YES;
				CLANG_WARN_BOOL_CONVERSION = YES;
				CLANG_WARN_COMMA = YES;
				CLANG_WARN_CONSTANT_CONVERSION = YES;
				CLANG_WARN_DEPRECATED_OBJC_IMPLEMENTATIONS = YES;
				CLANG_WARN_DIRECT_OBJC_ISA_USAGE = YES_ERROR;
				CLANG_WARN_DOCUMENTATION_COMMENTS = YES;
				CLANG_WARN_EMPTY_BODY = YES;
				CLANG_WARN_ENUM_CONVERSION = YES;
				CLANG_WARN_INFINITE_RECURSION = YES;
				CLANG_WARN_INT_CONVERSION = YES;
				CLANG_WARN_NON_LITERAL_NULL_CONVERSION = YES;
				CLANG_WARN_OBJC_IMPLICIT_RETAIN_SELF = YES;
				CLANG_WARN_OBJC_LITERAL_CONVERSION = YES;
				CLANG_WARN_OBJC_ROOT_CLASS = YES_ERROR;
				CLANG_WARN_RANGE_LOOP_ANALYSIS = YES;
				CLANG_WARN_STRICT_PROTOTYPES = YES;
				CLANG_WARN_SUSPICIOUS_MOVE = YES;
				CLANG_WARN_UNGUARDED_AVAILABILITY = YES_AGGRESSIVE;
				CLANG_WARN_UNREACHABLE_CODE = YES;
				CLANG_WARN__DUPLICATE_METHOD_MATCH = YES;
				COPY_PHASE_STRIP = NO;
				DEBUG_INFORMATION_FORMAT = dwarf;
				ENABLE_STRICT_OBJC_MSGSEND = YES;
				ENABLE_TESTABILITY = YES;
				GCC_C_LANGUAGE_STANDARD = gnu11;
				GCC_DYNAMIC_NO_PIC = NO;
				GCC_NO_COMMON_BLOCKS = YES;
				GCC_OPTIMIZATION_LEVEL = 0;
				GCC_PREPROCESSOR_DEFINITIONS = (
					"DEBUG=1",
					"$(inherited)",
				);
				GCC_WARN_64_TO_32_BIT_CONVERSION = YES;
				GCC_WARN_ABOUT_RETURN_TYPE = YES_ERROR;
				GCC_WARN_UNDECLARED_SELECTOR = YES;
				GCC_WARN_UNINITIALIZED_AUTOS = YES_AGGRESSIVE;
				GCC_WARN_UNUSED_FUNCTION = YES;
				GCC_WARN_UNUSED_VARIABLE = YES;
				IPHONEOS_DEPLOYMENT_TARGET = 13.2;
				MTL_ENABLE_DEBUG_INFO = INCLUDE_SOURCE;
				MTL_FAST_MATH = YES;
				ONLY_ACTIVE_ARCH = YES;
				SDKROOT = iphoneos;
				SWIFT_ACTIVE_COMPILATION_CONDITIONS = DEBUG;
				SWIFT_OPTIMIZATION_LEVEL = "-Onone";
			};
			name = Debug;
		};
		1860FBBB23C8F0A800DCE133 /* Release */ = {
			isa = XCBuildConfiguration;
			buildSettings = {
				ALWAYS_SEARCH_USER_PATHS = NO;
				CLANG_ANALYZER_NONNULL = YES;
				CLANG_ANALYZER_NUMBER_OBJECT_CONVERSION = YES_AGGRESSIVE;
				CLANG_CXX_LANGUAGE_STANDARD = "gnu++14";
				CLANG_CXX_LIBRARY = "libc++";
				CLANG_ENABLE_MODULES = YES;
				CLANG_ENABLE_OBJC_ARC = YES;
				CLANG_ENABLE_OBJC_WEAK = YES;
				CLANG_WARN_BLOCK_CAPTURE_AUTORELEASING = YES;
				CLANG_WARN_BOOL_CONVERSION = YES;
				CLANG_WARN_COMMA = YES;
				CLANG_WARN_CONSTANT_CONVERSION = YES;
				CLANG_WARN_DEPRECATED_OBJC_IMPLEMENTATIONS = YES;
				CLANG_WARN_DIRECT_OBJC_ISA_USAGE = YES_ERROR;
				CLANG_WARN_DOCUMENTATION_COMMENTS = YES;
				CLANG_WARN_EMPTY_BODY = YES;
				CLANG_WARN_ENUM_CONVERSION = YES;
				CLANG_WARN_INFINITE_RECURSION = YES;
				CLANG_WARN_INT_CONVERSION = YES;
				CLANG_WARN_NON_LITERAL_NULL_CONVERSION = YES;
				CLANG_WARN_OBJC_IMPLICIT_RETAIN_SELF = YES;
				CLANG_WARN_OBJC_LITERAL_CONVERSION = YES;
				CLANG_WARN_OBJC_ROOT_CLASS = YES_ERROR;
				CLANG_WARN_RANGE_LOOP_ANALYSIS = YES;
				CLANG_WARN_STRICT_PROTOTYPES = YES;
				CLANG_WARN_SUSPICIOUS_MOVE = YES;
				CLANG_WARN_UNGUARDED_AVAILABILITY = YES_AGGRESSIVE;
				CLANG_WARN_UNREACHABLE_CODE = YES;
				CLANG_WARN__DUPLICATE_METHOD_MATCH = YES;
				COPY_PHASE_STRIP = NO;
				DEBUG_INFORMATION_FORMAT = "dwarf-with-dsym";
				ENABLE_NS_ASSERTIONS = NO;
				ENABLE_STRICT_OBJC_MSGSEND = YES;
				GCC_C_LANGUAGE_STANDARD = gnu11;
				GCC_NO_COMMON_BLOCKS = YES;
				GCC_WARN_64_TO_32_BIT_CONVERSION = YES;
				GCC_WARN_ABOUT_RETURN_TYPE = YES_ERROR;
				GCC_WARN_UNDECLARED_SELECTOR = YES;
				GCC_WARN_UNINITIALIZED_AUTOS = YES_AGGRESSIVE;
				GCC_WARN_UNUSED_FUNCTION = YES;
				GCC_WARN_UNUSED_VARIABLE = YES;
				IPHONEOS_DEPLOYMENT_TARGET = 13.2;
				MTL_ENABLE_DEBUG_INFO = NO;
				MTL_FAST_MATH = YES;
				SDKROOT = iphoneos;
				SWIFT_COMPILATION_MODE = wholemodule;
				SWIFT_OPTIMIZATION_LEVEL = "-O";
				VALIDATE_PRODUCT = YES;
			};
			name = Release;
		};
		1860FBBD23C8F0A800DCE133 /* Debug */ = {
			isa = XCBuildConfiguration;
			baseConfigurationReference = 47AFC2F3BE3C6847735630BB /* Pods-TindxxLikeAppMVVM.debug.xcconfig */;
			buildSettings = {
				ASSETCATALOG_COMPILER_APPICON_NAME = AppIcon;
				CODE_SIGN_STYLE = Automatic;
				INFOPLIST_FILE = TindxxLikeAppMVVM/Info.plist;
				LD_RUNPATH_SEARCH_PATHS = (
					"$(inherited)",
					"@executable_path/Frameworks",
				);
				PRODUCT_BUNDLE_IDENTIFIER = yamolean.TindxxLikeAppMVVM;
				PRODUCT_NAME = "$(TARGET_NAME)";
				SWIFT_VERSION = 5.0;
				TARGETED_DEVICE_FAMILY = "1,2";
			};
			name = Debug;
		};
		1860FBBE23C8F0A800DCE133 /* Release */ = {
			isa = XCBuildConfiguration;
			baseConfigurationReference = A4913904C8D4C31538351A45 /* Pods-TindxxLikeAppMVVM.release.xcconfig */;
			buildSettings = {
				ASSETCATALOG_COMPILER_APPICON_NAME = AppIcon;
				CODE_SIGN_STYLE = Automatic;
				INFOPLIST_FILE = TindxxLikeAppMVVM/Info.plist;
				LD_RUNPATH_SEARCH_PATHS = (
					"$(inherited)",
					"@executable_path/Frameworks",
				);
				PRODUCT_BUNDLE_IDENTIFIER = yamolean.TindxxLikeAppMVVM;
				PRODUCT_NAME = "$(TARGET_NAME)";
				SWIFT_VERSION = 5.0;
				TARGETED_DEVICE_FAMILY = "1,2";
			};
			name = Release;
		};
/* End XCBuildConfiguration section */

/* Begin XCConfigurationList section */
		1860FBA323C8F0A600DCE133 /* Build configuration list for PBXProject "TindxxLikeAppMVVM" */ = {
			isa = XCConfigurationList;
			buildConfigurations = (
				1860FBBA23C8F0A800DCE133 /* Debug */,
				1860FBBB23C8F0A800DCE133 /* Release */,
			);
			defaultConfigurationIsVisible = 0;
			defaultConfigurationName = Release;
		};
		1860FBBC23C8F0A800DCE133 /* Build configuration list for PBXNativeTarget "TindxxLikeAppMVVM" */ = {
			isa = XCConfigurationList;
			buildConfigurations = (
				1860FBBD23C8F0A800DCE133 /* Debug */,
				1860FBBE23C8F0A800DCE133 /* Release */,
			);
			defaultConfigurationIsVisible = 0;
			defaultConfigurationName = Release;
		};
/* End XCConfigurationList section */
	};
	rootObject = 1860FBA023C8F0A600DCE133 /* Project object */;
}
